
Microsoft Visual Studio Solution File, Format Version 12.00
# Visual Studio Version 16
VisualStudioVersion = 16.0.30011.22
MinimumVisualStudioVersion = 10.0.40219.1
Project("{FAE04EC0-301F-11D3-BF4B-00C04F79EFBC}") = "Singleton", "Singleton\Singleton.csproj", "{04361481-EDEE-4A7E-9BDC-1B0DA30F3DF1}"
EndProject
Project("{FAE04EC0-301F-11D3-BF4B-00C04F79EFBC}") = "FactoryMethod", "FactoryMethod\FactoryMethod.csproj", "{452D086D-844E-49E8-9C8E-B3BA88180A0D}"
EndProject
Project("{FAE04EC0-301F-11D3-BF4B-00C04F79EFBC}") = "AbstractFactory", "AbstractFactory\AbstractFactory.csproj", "{3A02800E-AEFD-48C2-908A-FB371A6E7FB1}"
EndProject
Project("{FAE04EC0-301F-11D3-BF4B-00C04F79EFBC}") = "Prototype", "Prototype\Prototype.csproj", "{EE2E4D26-779C-4F22-BA29-DCD5D1B27AFB}"
EndProject
Project("{FAE04EC0-301F-11D3-BF4B-00C04F79EFBC}") = "Builder", "Builder\Builder.csproj", "{113E07EB-FA06-42F8-833B-30D5E27CA5B2}"
EndProject
Project("{FAE04EC0-301F-11D3-BF4B-00C04F79EFBC}") = "Facade", "Facade\Facade.csproj", "{90865FA7-BFB7-4034-82C8-841D0303DA2C}"
EndProject
Project("{FAE04EC0-301F-11D3-BF4B-00C04F79EFBC}") = "Adapter", "Adapter\Adapter.csproj", "{26049641-7DDF-4734-A44B-696883AAD7D9}"
EndProject
Project("{FAE04EC0-301F-11D3-BF4B-00C04F79EFBC}") = "Composite", "Composite\Composite.csproj", "{75AB04A1-E3F5-45D7-8566-46C873ED0A28}"
EndProject
Project("{FAE04EC0-301F-11D3-BF4B-00C04F79EFBC}") = "Proxy", "Proxy\Proxy.csproj", "{0EBF66D3-A876-4D50-AD66-6A3E94722DDC}"
EndProject
Project("{FAE04EC0-301F-11D3-BF4B-00C04F79EFBC}") = "Decorator", "Decorator\Decorator.csproj", "{069069F6-9557-42DF-A967-B321788F08BE}"
EndProject
Global
	GlobalSection(SolutionConfigurationPlatforms) = preSolution
		Debug|Any CPU = Debug|Any CPU
		Release|Any CPU = Release|Any CPU
	EndGlobalSection
	GlobalSection(ProjectConfigurationPlatforms) = postSolution
		{04361481-EDEE-4A7E-9BDC-1B0DA30F3DF1}.Debug|Any CPU.ActiveCfg = Debug|Any CPU
		{04361481-EDEE-4A7E-9BDC-1B0DA30F3DF1}.Debug|Any CPU.Build.0 = Debug|Any CPU
		{04361481-EDEE-4A7E-9BDC-1B0DA30F3DF1}.Release|Any CPU.ActiveCfg = Release|Any CPU
		{04361481-EDEE-4A7E-9BDC-1B0DA30F3DF1}.Release|Any CPU.Build.0 = Release|Any CPU
		{452D086D-844E-49E8-9C8E-B3BA88180A0D}.Debug|Any CPU.ActiveCfg = Debug|Any CPU
		{452D086D-844E-49E8-9C8E-B3BA88180A0D}.Debug|Any CPU.Build.0 = Debug|Any CPU
		{452D086D-844E-49E8-9C8E-B3BA88180A0D}.Release|Any CPU.ActiveCfg = Release|Any CPU
		{452D086D-844E-49E8-9C8E-B3BA88180A0D}.Release|Any CPU.Build.0 = Release|Any CPU
		{3A02800E-AEFD-48C2-908A-FB371A6E7FB1}.Debug|Any CPU.ActiveCfg = Debug|Any CPU
		{3A02800E-AEFD-48C2-908A-FB371A6E7FB1}.Debug|Any CPU.Build.0 = Debug|Any CPU
		{3A02800E-AEFD-48C2-908A-FB371A6E7FB1}.Release|Any CPU.ActiveCfg = Release|Any CPU
		{3A02800E-AEFD-48C2-908A-FB371A6E7FB1}.Release|Any CPU.Build.0 = Release|Any CPU
		{EE2E4D26-779C-4F22-BA29-DCD5D1B27AFB}.Debug|Any CPU.ActiveCfg = Debug|Any CPU
		{EE2E4D26-779C-4F22-BA29-DCD5D1B27AFB}.Debug|Any CPU.Build.0 = Debug|Any CPU
		{EE2E4D26-779C-4F22-BA29-DCD5D1B27AFB}.Release|Any CPU.ActiveCfg = Release|Any CPU
		{EE2E4D26-779C-4F22-BA29-DCD5D1B27AFB}.Release|Any CPU.Build.0 = Release|Any CPU
		{113E07EB-FA06-42F8-833B-30D5E27CA5B2}.Debug|Any CPU.ActiveCfg = Debug|Any CPU
		{113E07EB-FA06-42F8-833B-30D5E27CA5B2}.Debug|Any CPU.Build.0 = Debug|Any CPU
		{113E07EB-FA06-42F8-833B-30D5E27CA5B2}.Release|Any CPU.ActiveCfg = Release|Any CPU
		{113E07EB-FA06-42F8-833B-30D5E27CA5B2}.Release|Any CPU.Build.0 = Release|Any CPU
		{90865FA7-BFB7-4034-82C8-841D0303DA2C}.Debug|Any CPU.ActiveCfg = Debug|Any CPU
		{90865FA7-BFB7-4034-82C8-841D0303DA2C}.Debug|Any CPU.Build.0 = Debug|Any CPU
		{90865FA7-BFB7-4034-82C8-841D0303DA2C}.Release|Any CPU.ActiveCfg = Release|Any CPU
		{90865FA7-BFB7-4034-82C8-841D0303DA2C}.Release|Any CPU.Build.0 = Release|Any CPU
		{26049641-7DDF-4734-A44B-696883AAD7D9}.Debug|Any CPU.ActiveCfg = Debug|Any CPU
		{26049641-7DDF-4734-A44B-696883AAD7D9}.Debug|Any CPU.Build.0 = Debug|Any CPU
		{26049641-7DDF-4734-A44B-696883AAD7D9}.Release|Any CPU.ActiveCfg = Release|Any CPU
		{26049641-7DDF-4734-A44B-696883AAD7D9}.Release|Any CPU.Build.0 = Release|Any CPU
		{75AB04A1-E3F5-45D7-8566-46C873ED0A28}.Debug|Any CPU.ActiveCfg = Debug|Any CPU
		{75AB04A1-E3F5-45D7-8566-46C873ED0A28}.Debug|Any CPU.Build.0 = Debug|Any CPU
		{75AB04A1-E3F5-45D7-8566-46C873ED0A28}.Release|Any CPU.ActiveCfg = Release|Any CPU
		{75AB04A1-E3F5-45D7-8566-46C873ED0A28}.Release|Any CPU.Build.0 = Release|Any CPU
		{0EBF66D3-A876-4D50-AD66-6A3E94722DDC}.Debug|Any CPU.ActiveCfg = Debug|Any CPU
		{0EBF66D3-A876-4D50-AD66-6A3E94722DDC}.Debug|Any CPU.Build.0 = Debug|Any CPU
		{0EBF66D3-A876-4D50-AD66-6A3E94722DDC}.Release|Any CPU.ActiveCfg = Release|Any CPU
		{0EBF66D3-A876-4D50-AD66-6A3E94722DDC}.Release|Any CPU.Build.0 = Release|Any CPU
		{069069F6-9557-42DF-A967-B321788F08BE}.Debug|Any CPU.ActiveCfg = Debug|Any CPU
		{069069F6-9557-42DF-A967-B321788F08BE}.Debug|Any CPU.Build.0 = Debug|Any CPU
		{069069F6-9557-42DF-A967-B321788F08BE}.Release|Any CPU.ActiveCfg = Release|Any CPU
		{069069F6-9557-42DF-A967-B321788F08BE}.Release|Any CPU.Build.0 = Release|Any CPU
	EndGlobalSection
	GlobalSection(SolutionProperties) = preSolution
		HideSolutionNode = FALSE
	EndGlobalSection
	GlobalSection(ExtensibilityGlobals) = postSolution
		SolutionGuid = {35A6E90A-BA58-4B01-9696-D18379AF6F31}
	EndGlobalSection
EndGlobal
